
Microsoft Visual Studio Solution File, Format Version 12.00
# Visual Studio 15
VisualStudioVersion = 15.0.28307.271
MinimumVisualStudioVersion = 10.0.40219.1
Project("{FAE04EC0-301F-11D3-BF4B-00C04F79EFBC}") = "CodeIT Airlines", "WpfApp1\CodeIT Airlines.csproj", "{9960267E-CB9E-41FC-8A33-10B078CF6839}"
EndProject
Global
	GlobalSection(SolutionConfigurationPlatforms) = preSolution
		Debug|Any CPU = Debug|Any CPU
		Release|Any CPU = Release|Any CPU
	EndGlobalSection
	GlobalSection(ProjectConfigurationPlatforms) = postSolution
		{9960267E-CB9E-41FC-8A33-10B078CF6839}.Debug|Any CPU.ActiveCfg = Debug|Any CPU
		{9960267E-CB9E-41FC-8A33-10B078CF6839}.Debug|Any CPU.Build.0 = Debug|Any CPU
		{9960267E-CB9E-41FC-8A33-10B078CF6839}.Release|Any CPU.ActiveCfg = Release|Any CPU
		{9960267E-CB9E-41FC-8A33-10B078CF6839}.Release|Any CPU.Build.0 = Release|Any CPU
	EndGlobalSection
	GlobalSection(SolutionProperties) = preSolution
		HideSolutionNode = FALSE
	EndGlobalSection
	GlobalSection(ExtensibilityGlobals) = postSolution
		SolutionGuid = {C2E10742-3683-4BEE-97F7-972575012B79}
	EndGlobalSection
EndGlobal
